
Microsoft Visual Studio Solution File, Format Version 12.00
Project("{FAE04EC0-301F-11D3-BF4B-00C04F79EFBC}") = "Day6", "Day6.csproj", "{99DC3DD4-C480-483C-8AF2-D85D251C68A3}"
EndProject
Global
	GlobalSection(SolutionConfigurationPlatforms) = preSolution
		Debug|Any CPU = Debug|Any CPU
		Release|Any CPU = Release|Any CPU
	EndGlobalSection
	GlobalSection(ProjectConfigurationPlatforms) = postSolution
		{99DC3DD4-C480-483C-8AF2-D85D251C68A3}.Debug|Any CPU.ActiveCfg = Debug|Any CPU
		{99DC3DD4-C480-483C-8AF2-D85D251C68A3}.Debug|Any CPU.Build.0 = Debug|Any CPU
		{99DC3DD4-C480-483C-8AF2-D85D251C68A3}.Release|Any CPU.ActiveCfg = Release|Any CPU
		{99DC3DD4-C480-483C-8AF2-D85D251C68A3}.Release|Any CPU.Build.0 = Release|Any CPU
	EndGlobalSection
EndGlobal
